
Microsoft Visual Studio Solution File, Format Version 12.00
# Visual Studio Version 16
VisualStudioVersion = 16.0.32228.343
MinimumVisualStudioVersion = 10.0.40219.1
Project("{FAE04EC0-301F-11D3-BF4B-00C04F79EFBC}") = "DiziyeYedininKatlariniEkleme", "DiziyeYedininKatlariniEkleme\DiziyeYedininKatlariniEkleme.csproj", "{9BDA4E49-75ED-4283-9D0A-A92009F5074E}"
EndProject
Global
	GlobalSection(SolutionConfigurationPlatforms) = preSolution
		Debug|Any CPU = Debug|Any CPU
		Release|Any CPU = Release|Any CPU
	EndGlobalSection
	GlobalSection(ProjectConfigurationPlatforms) = postSolution
		{9BDA4E49-75ED-4283-9D0A-A92009F5074E}.Debug|Any CPU.ActiveCfg = Debug|Any CPU
		{9BDA4E49-75ED-4283-9D0A-A92009F5074E}.Debug|Any CPU.Build.0 = Debug|Any CPU
		{9BDA4E49-75ED-4283-9D0A-A92009F5074E}.Release|Any CPU.ActiveCfg = Release|Any CPU
		{9BDA4E49-75ED-4283-9D0A-A92009F5074E}.Release|Any CPU.Build.0 = Release|Any CPU
	EndGlobalSection
	GlobalSection(SolutionProperties) = preSolution
		HideSolutionNode = FALSE
	EndGlobalSection
	GlobalSection(ExtensibilityGlobals) = postSolution
		SolutionGuid = {752C4D43-5F67-4D6E-88F2-4F63457822DD}
	EndGlobalSection
EndGlobal
